
Microsoft Visual Studio Solution File, Format Version 12.00
# Visual Studio Version 16
VisualStudioVersion = 16.0.31515.178
MinimumVisualStudioVersion = 10.0.40219.1
Project("{9A19103F-16F7-4668-BE54-9A1E7A4F7556}") = "LegendCoffe", "LegendCoffe\LegendCoffe.csproj", "{A56AA9FB-2782-4246-B9B4-8937A88D5BF7}"
EndProject
Project("{54435603-DBB4-11D2-8724-00A0C9A8B90C}") = "LegendInstall", "LegendInstall\LegendInstall.vdproj", "{1EA2D49E-D6E6-49BF-B66A-9C7B4CF815A1}"
EndProject
Global
	GlobalSection(SolutionConfigurationPlatforms) = preSolution
		Debug|Any CPU = Debug|Any CPU
		Release|Any CPU = Release|Any CPU
	EndGlobalSection
	GlobalSection(ProjectConfigurationPlatforms) = postSolution
		{A56AA9FB-2782-4246-B9B4-8937A88D5BF7}.Debug|Any CPU.ActiveCfg = Debug|Any CPU
		{A56AA9FB-2782-4246-B9B4-8937A88D5BF7}.Debug|Any CPU.Build.0 = Debug|Any CPU
		{A56AA9FB-2782-4246-B9B4-8937A88D5BF7}.Release|Any CPU.ActiveCfg = Release|Any CPU
		{A56AA9FB-2782-4246-B9B4-8937A88D5BF7}.Release|Any CPU.Build.0 = Release|Any CPU
		{1EA2D49E-D6E6-49BF-B66A-9C7B4CF815A1}.Debug|Any CPU.ActiveCfg = Debug
		{1EA2D49E-D6E6-49BF-B66A-9C7B4CF815A1}.Release|Any CPU.ActiveCfg = Release
	EndGlobalSection
	GlobalSection(SolutionProperties) = preSolution
		HideSolutionNode = FALSE
	EndGlobalSection
	GlobalSection(ExtensibilityGlobals) = postSolution
		SolutionGuid = {F82F8326-89DA-456E-B6A9-DB78C96A59F3}
	EndGlobalSection
EndGlobal
